// !$*UTF8*$!
{
	archiveVersion = 1;
	classes = {
	};
	objectVersion = 51;
	objects = {

/* Begin PBXBuildFile section */
		0430D6C9244BC4AB00AEC798 /* EventDetailViewController.swift in Sources */ = {isa = PBXBuildFile; fileRef = 0430D6C8244BC4AB00AEC798 /* EventDetailViewController.swift */; };
		0430D6DD244E901000AEC798 /* Event.swift in Sources */ = {isa = PBXBuildFile; fileRef = 0430D6DC244E901000AEC798 /* Event.swift */; };
		0430D6DF244E937500AEC798 /* Events.swift in Sources */ = {isa = PBXBuildFile; fileRef = 0430D6DE244E937500AEC798 /* Events.swift */; };
		0430D6E2244E944F00AEC798 /* ProgressScript in Resources */ = {isa = PBXBuildFile; fileRef = 0430D6E1244E944F00AEC798 /* ProgressScript */; };
		0430D6E4244E9CEA00AEC798 /* EventsListViewController.swift in Sources */ = {isa = PBXBuildFile; fileRef = 0430D6E3244E9CEA00AEC798 /* EventsListViewController.swift */; };
		0430D6E6244E9D4300AEC798 /* EventTableViewCell.swift in Sources */ = {isa = PBXBuildFile; fileRef = 0430D6E5244E9D4300AEC798 /* EventTableViewCell.swift */; };
		0497FE92244B4A7F00C95536 /* AppDelegate.swift in Sources */ = {isa = PBXBuildFile; fileRef = 0497FE91244B4A7F00C95536 /* AppDelegate.swift */; };
		0497FE94244B4A7F00C95536 /* SceneDelegate.swift in Sources */ = {isa = PBXBuildFile; fileRef = 0497FE93244B4A7F00C95536 /* SceneDelegate.swift */; };
		0497FE99244B4A7F00C95536 /* Main.storyboard in Resources */ = {isa = PBXBuildFile; fileRef = 0497FE97244B4A7F00C95536 /* Main.storyboard */; };
		0497FE9B244B4A8100C95536 /* Assets.xcassets in Resources */ = {isa = PBXBuildFile; fileRef = 0497FE9A244B4A8100C95536 /* Assets.xcassets */; };
		0497FE9E244B4A8100C95536 /* LaunchScreen.storyboard in Resources */ = {isa = PBXBuildFile; fileRef = 0497FE9C244B4A8100C95536 /* LaunchScreen.storyboard */; };
		0498D082244F5A97000AC774 /* GoogleService-Info.plist in Resources */ = {isa = PBXBuildFile; fileRef = 0498D081244F5A97000AC774 /* GoogleService-Info.plist */; };
		0498D084244FAF79000AC774 /* MyDetailViewController.swift in Sources */ = {isa = PBXBuildFile; fileRef = 0498D083244FAF79000AC774 /* MyDetailViewController.swift */; };
		126D6398176BB139EDF2BDD6 /* Pods_Eventsletter.framework in Frameworks */ = {isa = PBXBuildFile; fileRef = FE820F1901BDDBDBCB4BE329 /* Pods_Eventsletter.framework */; };
/* End PBXBuildFile section */

/* Begin PBXFileReference section */
		0430D6C8244BC4AB00AEC798 /* EventDetailViewController.swift */ = {isa = PBXFileReference; lastKnownFileType = sourcecode.swift; path = EventDetailViewController.swift; sourceTree = "<group>"; };
		0430D6DC244E901000AEC798 /* Event.swift */ = {isa = PBXFileReference; lastKnownFileType = sourcecode.swift; path = Event.swift; sourceTree = "<group>"; };
		0430D6DE244E937500AEC798 /* Events.swift */ = {isa = PBXFileReference; lastKnownFileType = sourcecode.swift; path = Events.swift; sourceTree = "<group>"; };
		0430D6E1244E944F00AEC798 /* ProgressScript */ = {isa = PBXFileReference; lastKnownFileType = text; path = ProgressScript; sourceTree = "<group>"; };
		0430D6E3244E9CEA00AEC798 /* EventsListViewController.swift */ = {isa = PBXFileReference; lastKnownFileType = sourcecode.swift; path = EventsListViewController.swift; sourceTree = "<group>"; };
		0430D6E5244E9D4300AEC798 /* EventTableViewCell.swift */ = {isa = PBXFileReference; lastKnownFileType = sourcecode.swift; path = EventTableViewCell.swift; sourceTree = "<group>"; };
		0497FE8E244B4A7F00C95536 /* Eventsletter.app */ = {isa = PBXFileReference; explicitFileType = wrapper.application; includeInIndex = 0; path = Eventsletter.app; sourceTree = BUILT_PRODUCTS_DIR; };
		0497FE91244B4A7F00C95536 /* AppDelegate.swift */ = {isa = PBXFileReference; lastKnownFileType = sourcecode.swift; path = AppDelegate.swift; sourceTree = "<group>"; };
		0497FE93244B4A7F00C95536 /* SceneDelegate.swift */ = {isa = PBXFileReference; lastKnownFileType = sourcecode.swift; path = SceneDelegate.swift; sourceTree = "<group>"; };
		0497FE98244B4A7F00C95536 /* Base */ = {isa = PBXFileReference; lastKnownFileType = file.storyboard; name = Base; path = Base.lproj/Main.storyboard; sourceTree = "<group>"; };
		0497FE9A244B4A8100C95536 /* Assets.xcassets */ = {isa = PBXFileReference; lastKnownFileType = folder.assetcatalog; path = Assets.xcassets; sourceTree = "<group>"; };
		0497FE9D244B4A8100C95536 /* Base */ = {isa = PBXFileReference; lastKnownFileType = file.storyboard; name = Base; path = Base.lproj/LaunchScreen.storyboard; sourceTree = "<group>"; };
		0497FE9F244B4A8100C95536 /* Info.plist */ = {isa = PBXFileReference; lastKnownFileType = text.plist.xml; path = Info.plist; sourceTree = "<group>"; };
		0498D081244F5A97000AC774 /* GoogleService-Info.plist */ = {isa = PBXFileReference; fileEncoding = 4; lastKnownFileType = text.plist.xml; path = "GoogleService-Info.plist"; sourceTree = "<group>"; };
		0498D083244FAF79000AC774 /* MyDetailViewController.swift */ = {isa = PBXFileReference; lastKnownFileType = sourcecode.swift; path = MyDetailViewController.swift; sourceTree = "<group>"; };
		8FDBFA1D04B4897FC0573858 /* Pods-Eventsletter.debug.xcconfig */ = {isa = PBXFileReference; includeInIndex = 1; lastKnownFileType = text.xcconfig; name = "Pods-Eventsletter.debug.xcconfig"; path = "Target Support Files/Pods-Eventsletter/Pods-Eventsletter.debug.xcconfig"; sourceTree = "<group>"; };
		D8291DBA55FF054CAE99C4C0 /* Pods-Eventsletter.release.xcconfig */ = {isa = PBXFileReference; includeInIndex = 1; lastKnownFileType = text.xcconfig; name = "Pods-Eventsletter.release.xcconfig"; path = "Target Support Files/Pods-Eventsletter/Pods-Eventsletter.release.xcconfig"; sourceTree = "<group>"; };
		FE820F1901BDDBDBCB4BE329 /* Pods_Eventsletter.framework */ = {isa = PBXFileReference; explicitFileType = wrapper.framework; includeInIndex = 0; path = Pods_Eventsletter.framework; sourceTree = BUILT_PRODUCTS_DIR; };
/* End PBXFileReference section */

/* Begin PBXFrameworksBuildPhase section */
		0497FE8B244B4A7F00C95536 /* Frameworks */ = {
			isa = PBXFrameworksBuildPhase;
			buildActionMask = 2147483647;
			files = (
				126D6398176BB139EDF2BDD6 /* Pods_Eventsletter.framework in Frameworks */,
			);
			runOnlyForDeploymentPostprocessing = 0;
		};
/* End PBXFrameworksBuildPhase section */

/* Begin PBXGroup section */
		0497FE85244B4A7F00C95536 = {
			isa = PBXGroup;
			children = (
				0497FE90244B4A7F00C95536 /* Eventsletter */,
				0497FE8F244B4A7F00C95536 /* Products */,
				F327B63BD1595401944CCB3C /* Pods */,
				DA0C7DDB97C839127B861087 /* Frameworks */,
			);
			sourceTree = "<group>";
		};
		0497FE8F244B4A7F00C95536 /* Products */ = {
			isa = PBXGroup;
			children = (
				0497FE8E244B4A7F00C95536 /* Eventsletter.app */,
			);
			name = Products;
			sourceTree = "<group>";
		};
		0497FE90244B4A7F00C95536 /* Eventsletter */ = {
			isa = PBXGroup;
			children = (
				0497FE91244B4A7F00C95536 /* AppDelegate.swift */,
				0497FE93244B4A7F00C95536 /* SceneDelegate.swift */,
				0430D6DE244E937500AEC798 /* Events.swift */,
				0430D6DC244E901000AEC798 /* Event.swift */,
				0430D6E3244E9CEA00AEC798 /* EventsListViewController.swift */,
				0430D6E5244E9D4300AEC798 /* EventTableViewCell.swift */,
				0430D6C8244BC4AB00AEC798 /* EventDetailViewController.swift */,
				0498D083244FAF79000AC774 /* MyDetailViewController.swift */,
				0497FE97244B4A7F00C95536 /* Main.storyboard */,
				0497FE9A244B4A8100C95536 /* Assets.xcassets */,
				0497FE9C244B4A8100C95536 /* LaunchScreen.storyboard */,
				0497FE9F244B4A8100C95536 /* Info.plist */,
				0498D081244F5A97000AC774 /* GoogleService-Info.plist */,
				0430D6E1244E944F00AEC798 /* ProgressScript */,
			);
			path = Eventsletter;
			sourceTree = "<group>";
		};
		DA0C7DDB97C839127B861087 /* Frameworks */ = {
			isa = PBXGroup;
			children = (
				FE820F1901BDDBDBCB4BE329 /* Pods_Eventsletter.framework */,
			);
			name = Frameworks;
			sourceTree = "<group>";
		};
		F327B63BD1595401944CCB3C /* Pods */ = {
			isa = PBXGroup;
			children = (
				8FDBFA1D04B4897FC0573858 /* Pods-Eventsletter.debug.xcconfig */,
				D8291DBA55FF054CAE99C4C0 /* Pods-Eventsletter.release.xcconfig */,
			);
			path = Pods;
			sourceTree = "<group>";
		};
/* End PBXGroup section */

/* Begin PBXNativeTarget section */
		0497FE8D244B4A7F00C95536 /* Eventsletter */ = {
			isa = PBXNativeTarget;
			buildConfigurationList = 0497FEA2244B4A8100C95536 /* Build configuration list for PBXNativeTarget "Eventsletter" */;
			buildPhases = (
				B6822E2DBB586590084A274C /* [CP] Check Pods Manifest.lock */,
				0497FE8A244B4A7F00C95536 /* Sources */,
				0497FE8B244B4A7F00C95536 /* Frameworks */,
				0497FE8C244B4A7F00C95536 /* Resources */,
				CB598DC96127FD47F6F697F4 /* [CP] Embed Pods Frameworks */,
				DEFA532E6E182124E6F24575 /* [CP] Copy Pods Resources */,
			);
			buildRules = (
			);
			dependencies = (
			);
			name = Eventsletter;
			productName = Eventsletter;
			productReference = 0497FE8E244B4A7F00C95536 /* Eventsletter.app */;
			productType = "com.apple.product-type.application";
		};
/* End PBXNativeTarget section */

/* Begin PBXProject section */
		0497FE86244B4A7F00C95536 /* Project object */ = {
			isa = PBXProject;
			attributes = {
				LastSwiftUpdateCheck = 1140;
				LastUpgradeCheck = 1140;
				ORGANIZATIONNAME = "Yi Li";
				TargetAttributes = {
					0497FE8D244B4A7F00C95536 = {
						CreatedOnToolsVersion = 11.4.1;
					};
				};
			};
			buildConfigurationList = 0497FE89244B4A7F00C95536 /* Build configuration list for PBXProject "Eventsletter" */;
			compatibilityVersion = "Xcode 9.3";
			developmentRegion = en;
			hasScannedForEncodings = 0;
			knownRegions = (
				en,
				Base,
			);
			mainGroup = 0497FE85244B4A7F00C95536;
			productRefGroup = 0497FE8F244B4A7F00C95536 /* Products */;
			projectDirPath = "";
			projectRoot = "";
			targets = (
				0497FE8D244B4A7F00C95536 /* Eventsletter */,
			);
		};
/* End PBXProject section */

/* Begin PBXResourcesBuildPhase section */
		0497FE8C244B4A7F00C95536 /* Resources */ = {
			isa = PBXResourcesBuildPhase;
			buildActionMask = 2147483647;
			files = (
				0430D6E2244E944F00AEC798 /* ProgressScript in Resources */,
				0497FE9E244B4A8100C95536 /* LaunchScreen.storyboard in Resources */,
				0498D082244F5A97000AC774 /* GoogleService-Info.plist in Resources */,
				0497FE9B244B4A8100C95536 /* Assets.xcassets in Resources */,
				0497FE99244B4A7F00C95536 /* Main.storyboard in Resources */,
			);
			runOnlyForDeploymentPostprocessing = 0;
		};
/* End PBXResourcesBuildPhase section */

/* Begin PBXShellScriptBuildPhase section */
		B6822E2DBB586590084A274C /* [CP] Check Pods Manifest.lock */ = {
			isa = PBXShellScriptBuildPhase;
			buildActionMask = 2147483647;
			files = (
			);
			inputFileListPaths = (
			);
			inputPaths = (
				"${PODS_PODFILE_DIR_PATH}/Podfile.lock",
				"${PODS_ROOT}/Manifest.lock",
			);
			name = "[CP] Check Pods Manifest.lock";
			outputFileListPaths = (
			);
			outputPaths = (
				"$(DERIVED_FILE_DIR)/Pods-Eventsletter-checkManifestLockResult.txt",
			);
			runOnlyForDeploymentPostprocessing = 0;
			shellPath = /bin/sh;
			shellScript = "diff \"${PODS_PODFILE_DIR_PATH}/Podfile.lock\" \"${PODS_ROOT}/Manifest.lock\" > /dev/null\nif [ $? != 0 ] ; then\n    # print error to STDERR\n    echo \"error: The sandbox is not in sync with the Podfile.lock. Run 'pod install' or update your CocoaPods installation.\" >&2\n    exit 1\nfi\n# This output is used by Xcode 'outputs' to avoid re-running this script phase.\necho \"SUCCESS\" > \"${SCRIPT_OUTPUT_FILE_0}\"\n";
			showEnvVarsInLog = 0;
		};
		CB598DC96127FD47F6F697F4 /* [CP] Embed Pods Frameworks */ = {
			isa = PBXShellScriptBuildPhase;
			buildActionMask = 2147483647;
			files = (
			);
			inputFileListPaths = (
				"${PODS_ROOT}/Target Support Files/Pods-Eventsletter/Pods-Eventsletter-frameworks-${CONFIGURATION}-input-files.xcfilelist",
			);
			name = "[CP] Embed Pods Frameworks";
			outputFileListPaths = (
				"${PODS_ROOT}/Target Support Files/Pods-Eventsletter/Pods-Eventsletter-frameworks-${CONFIGURATION}-output-files.xcfilelist",
			);
			runOnlyForDeploymentPostprocessing = 0;
			shellPath = /bin/sh;
			shellScript = "\"${PODS_ROOT}/Target Support Files/Pods-Eventsletter/Pods-Eventsletter-frameworks.sh\"\n";
			showEnvVarsInLog = 0;
		};
		DEFA532E6E182124E6F24575 /* [CP] Copy Pods Resources */ = {
			isa = PBXShellScriptBuildPhase;
			buildActionMask = 2147483647;
			files = (
			);
			inputFileListPaths = (
				"${PODS_ROOT}/Target Support Files/Pods-Eventsletter/Pods-Eventsletter-resources-${CONFIGURATION}-input-files.xcfilelist",
			);
			name = "[CP] Copy Pods Resources";
			outputFileListPaths = (
				"${PODS_ROOT}/Target Support Files/Pods-Eventsletter/Pods-Eventsletter-resources-${CONFIGURATION}-output-files.xcfilelist",
			);
			runOnlyForDeploymentPostprocessing = 0;
			shellPath = /bin/sh;
			shellScript = "\"${PODS_ROOT}/Target Support Files/Pods-Eventsletter/Pods-Eventsletter-resources.sh\"\n";
			showEnvVarsInLog = 0;
		};
/* End PBXShellScriptBuildPhase section */

/* Begin PBXSourcesBuildPhase section */
		0497FE8A244B4A7F00C95536 /* Sources */ = {
			isa = PBXSourcesBuildPhase;
			buildActionMask = 2147483647;
			files = (
				0430D6C9244BC4AB00AEC798 /* EventDetailViewController.swift in Sources */,
				0430D6E4244E9CEA00AEC798 /* EventsListViewController.swift in Sources */,
				0497FE92244B4A7F00C95536 /* AppDelegate.swift in Sources */,
				0430D6DF244E937500AEC798 /* Events.swift in Sources */,
				0430D6E6244E9D4300AEC798 /* EventTableViewCell.swift in Sources */,
				0430D6DD244E901000AEC798 /* Event.swift in Sources */,
				0497FE94244B4A7F00C95536 /* SceneDelegate.swift in Sources */,
				0498D084244FAF79000AC774 /* MyDetailViewController.swift in Sources */,
			);
			runOnlyForDeploymentPostprocessing = 0;
		};
/* End PBXSourcesBuildPhase section */

/* Begin PBXVariantGroup section */
		0497FE97244B4A7F00C95536 /* Main.storyboard */ = {
			isa = PBXVariantGroup;
			children = (
				0497FE98244B4A7F00C95536 /* Base */,
			);
			name = Main.storyboard;
			sourceTree = "<group>";
		};
		0497FE9C244B4A8100C95536 /* LaunchScreen.storyboard */ = {
			isa = PBXVariantGroup;
			children = (
				0497FE9D244B4A8100C95536 /* Base */,
			);
			name = LaunchScreen.storyboard;
			sourceTree = "<group>";
		};
/* End PBXVariantGroup section */

/* Begin XCBuildConfiguration section */
		0497FEA0244B4A8100C95536 /* Debug */ = {
			isa = XCBuildConfiguration;
			buildSettings = {
				ALWAYS_SEARCH_USER_PATHS = NO;
				CLANG_ANALYZER_NONNULL = YES;
				CLANG_ANALYZER_NUMBER_OBJECT_CONVERSION = YES_AGGRESSIVE;
				CLANG_CXX_LANGUAGE_STANDARD = "gnu++14";
				CLANG_CXX_LIBRARY = "libc++";
				CLANG_ENABLE_MODULES = YES;
				CLANG_ENABLE_OBJC_ARC = YES;
				CLANG_ENABLE_OBJC_WEAK = YES;
				CLANG_WARN_BLOCK_CAPTURE_AUTORELEASING = YES;
				CLANG_WARN_BOOL_CONVERSION = YES;
				CLANG_WARN_COMMA = YES;
				CLANG_WARN_CONSTANT_CONVERSION = YES;
				CLANG_WARN_DEPRECATED_OBJC_IMPLEMENTATIONS = YES;
				CLANG_WARN_DIRECT_OBJC_ISA_USAGE = YES_ERROR;
				CLANG_WARN_DOCUMENTATION_COMMENTS = YES;
				CLANG_WARN_EMPTY_BODY = YES;
				CLANG_WARN_ENUM_CONVERSION = YES;
				CLANG_WARN_INFINITE_RECURSION = YES;
				CLANG_WARN_INT_CONVERSION = YES;
				CLANG_WARN_NON_LITERAL_NULL_CONVERSION = YES;
				CLANG_WARN_OBJC_IMPLICIT_RETAIN_SELF = YES;
				CLANG_WARN_OBJC_LITERAL_CONVERSION = YES;
				CLANG_WARN_OBJC_ROOT_CLASS = YES_ERROR;
				CLANG_WARN_RANGE_LOOP_ANALYSIS = YES;
				CLANG_WARN_STRICT_PROTOTYPES = YES;
				CLANG_WARN_SUSPICIOUS_MOVE = YES;
				CLANG_WARN_UNGUARDED_AVAILABILITY = YES_AGGRESSIVE;
				CLANG_WARN_UNREACHABLE_CODE = YES;
				CLANG_WARN__DUPLICATE_METHOD_MATCH = YES;
				COPY_PHASE_STRIP = NO;
				DEBUG_INFORMATION_FORMAT = dwarf;
				ENABLE_STRICT_OBJC_MSGSEND = YES;
				ENABLE_TESTABILITY = YES;
				GCC_C_LANGUAGE_STANDARD = gnu11;
				GCC_DYNAMIC_NO_PIC = NO;
				GCC_NO_COMMON_BLOCKS = YES;
				GCC_OPTIMIZATION_LEVEL = 0;
				GCC_PREPROCESSOR_DEFINITIONS = (
					"DEBUG=1",
					"$(inherited)",
				);
				GCC_WARN_64_TO_32_BIT_CONVERSION = YES;
				GCC_WARN_ABOUT_RETURN_TYPE = YES_ERROR;
				GCC_WARN_UNDECLARED_SELECTOR = YES;
				GCC_WARN_UNINITIALIZED_AUTOS = YES_AGGRESSIVE;
				GCC_WARN_UNUSED_FUNCTION = YES;
				GCC_WARN_UNUSED_VARIABLE = YES;
				IPHONEOS_DEPLOYMENT_TARGET = 13.4;
				MTL_ENABLE_DEBUG_INFO = INCLUDE_SOURCE;
				MTL_FAST_MATH = YES;
				ONLY_ACTIVE_ARCH = YES;
				SDKROOT = iphoneos;
				SWIFT_ACTIVE_COMPILATION_CONDITIONS = DEBUG;
				SWIFT_OPTIMIZATION_LEVEL = "-Onone";
			};
			name = Debug;
		};
		0497FEA1244B4A8100C95536 /* Release */ = {
			isa = XCBuildConfiguration;
			buildSettings = {
				ALWAYS_SEARCH_USER_PATHS = NO;
				CLANG_ANALYZER_NONNULL = YES;
				CLANG_ANALYZER_NUMBER_OBJECT_CONVERSION = YES_AGGRESSIVE;
				CLANG_CXX_LANGUAGE_STANDARD = "gnu++14";
				CLANG_CXX_LIBRARY = "libc++";
				CLANG_ENABLE_MODULES = YES;
				CLANG_ENABLE_OBJC_ARC = YES;
				CLANG_ENABLE_OBJC_WEAK = YES;
				CLANG_WARN_BLOCK_CAPTURE_AUTORELEASING = YES;
				CLANG_WARN_BOOL_CONVERSION = YES;
				CLANG_WARN_COMMA = YES;
				CLANG_WARN_CONSTANT_CONVERSION = YES;
				CLANG_WARN_DEPRECATED_OBJC_IMPLEMENTATIONS = YES;
				CLANG_WARN_DIRECT_OBJC_ISA_USAGE = YES_ERROR;
				CLANG_WARN_DOCUMENTATION_COMMENTS = YES;
				CLANG_WARN_EMPTY_BODY = YES;
				CLANG_WARN_ENUM_CONVERSION = YES;
				CLANG_WARN_INFINITE_RECURSION = YES;
				CLANG_WARN_INT_CONVERSION = YES;
				CLANG_WARN_NON_LITERAL_NULL_CONVERSION = YES;
				CLANG_WARN_OBJC_IMPLICIT_RETAIN_SELF = YES;
				CLANG_WARN_OBJC_LITERAL_CONVERSION = YES;
				CLANG_WARN_OBJC_ROOT_CLASS = YES_ERROR;
				CLANG_WARN_RANGE_LOOP_ANALYSIS = YES;
				CLANG_WARN_STRICT_PROTOTYPES = YES;
				CLANG_WARN_SUSPICIOUS_MOVE = YES;
				CLANG_WARN_UNGUARDED_AVAILABILITY = YES_AGGRESSIVE;
				CLANG_WARN_UNREACHABLE_CODE = YES;
				CLANG_WARN__DUPLICATE_METHOD_MATCH = YES;
				COPY_PHASE_STRIP = NO;
				DEBUG_INFORMATION_FORMAT = "dwarf-with-dsym";
				ENABLE_NS_ASSERTIONS = NO;
				ENABLE_STRICT_OBJC_MSGSEND = YES;
				GCC_C_LANGUAGE_STANDARD = gnu11;
				GCC_NO_COMMON_BLOCKS = YES;
				GCC_WARN_64_TO_32_BIT_CONVERSION = YES;
				GCC_WARN_ABOUT_RETURN_TYPE = YES_ERROR;
				GCC_WARN_UNDECLARED_SELECTOR = YES;
				GCC_WARN_UNINITIALIZED_AUTOS = YES_AGGRESSIVE;
				GCC_WARN_UNUSED_FUNCTION = YES;
				GCC_WARN_UNUSED_VARIABLE = YES;
				IPHONEOS_DEPLOYMENT_TARGET = 13.4;
				MTL_ENABLE_DEBUG_INFO = NO;
				MTL_FAST_MATH = YES;
				SDKROOT = iphoneos;
				SWIFT_COMPILATION_MODE = wholemodule;
				SWIFT_OPTIMIZATION_LEVEL = "-O";
				VALIDATE_PRODUCT = YES;
			};
			name = Release;
		};
		0497FEA3244B4A8100C95536 /* Debug */ = {
			isa = XCBuildConfiguration;
			baseConfigurationReference = 8FDBFA1D04B4897FC0573858 /* Pods-Eventsletter.debug.xcconfig */;
			buildSettings = {
				ASSETCATALOG_COMPILER_APPICON_NAME = AppIcon;
				CODE_SIGN_STYLE = Automatic;
				DEVELOPMENT_TEAM = 9LVD8US825;
				INFOPLIST_FILE = Eventsletter/Info.plist;
				IPHONEOS_DEPLOYMENT_TARGET = 13.4;
				LD_RUNPATH_SEARCH_PATHS = (
					"$(inherited)",
					"@executable_path/Frameworks",
				);
				PRODUCT_BUNDLE_IDENTIFIER = com.yi.Eventsletter;
				PRODUCT_NAME = "$(TARGET_NAME)";
				SWIFT_VERSION = 5.0;
				TARGETED_DEVICE_FAMILY = "1,2";
			};
			name = Debug;
		};
		0497FEA4244B4A8100C95536 /* Release */ = {
			isa = XCBuildConfiguration;
			baseConfigurationReference = D8291DBA55FF054CAE99C4C0 /* Pods-Eventsletter.release.xcconfig */;
			buildSettings = {
				ASSETCATALOG_COMPILER_APPICON_NAME = AppIcon;
				CODE_SIGN_STYLE = Automatic;
				DEVELOPMENT_TEAM = 9LVD8US825;
				INFOPLIST_FILE = Eventsletter/Info.plist;
				IPHONEOS_DEPLOYMENT_TARGET = 13.4;
				LD_RUNPATH_SEARCH_PATHS = (
					"$(inherited)",
					"@executable_path/Frameworks",
				);
				PRODUCT_BUNDLE_IDENTIFIER = com.yi.Eventsletter;
				PRODUCT_NAME = "$(TARGET_NAME)";
				SWIFT_VERSION = 5.0;
				TARGETED_DEVICE_FAMILY = "1,2";
			};
			name = Release;
		};
/* End XCBuildConfiguration section */

/* Begin XCConfigurationList section */
		0497FE89244B4A7F00C95536 /* Build configuration list for PBXProject "Eventsletter" */ = {
			isa = XCConfigurationList;
			buildConfigurations = (
				0497FEA0244B4A8100C95536 /* Debug */,
				0497FEA1244B4A8100C95536 /* Release */,
			);
			defaultConfigurationIsVisible = 0;
			defaultConfigurationName = Release;
		};
		0497FEA2244B4A8100C95536 /* Build configuration list for PBXNativeTarget "Eventsletter" */ = {
			isa = XCConfigurationList;
			buildConfigurations = (
				0497FEA3244B4A8100C95536 /* Debug */,
				0497FEA4244B4A8100C95536 /* Release */,
			);
			defaultConfigurationIsVisible = 0;
			defaultConfigurationName = Release;
		};
/* End XCConfigurationList section */
	};
	rootObject = 0497FE86244B4A7F00C95536 /* Project object */;
}
